
Microsoft Visual Studio Solution File, Format Version 12.00
# Visual Studio Version 17
VisualStudioVersion = 17.1.32328.378
MinimumVisualStudioVersion = 10.0.40219.1
Project("{9A19103F-16F7-4668-BE54-9A1E7A4F7556}") = "e_Agenda.ConsoleApp", "e_Agenda.ConsoleApp\e_Agenda.ConsoleApp.csproj", "{0A1CB50B-F2CD-4354-9443-C46F52A0834E}"
EndProject
Project("{2150E333-8FDC-42A3-9474-1A3956D46DE8}") = "Solution Items", "Solution Items", "{B6C8D1B5-A371-40E9-83F2-84A8ACD27393}"
	ProjectSection(SolutionItems) = preProject
		.editorconfig = .editorconfig
	EndProjectSection
EndProject
Global
	GlobalSection(SolutionConfigurationPlatforms) = preSolution
		Debug|Any CPU = Debug|Any CPU
		Release|Any CPU = Release|Any CPU
	EndGlobalSection
	GlobalSection(ProjectConfigurationPlatforms) = postSolution
		{0A1CB50B-F2CD-4354-9443-C46F52A0834E}.Debug|Any CPU.ActiveCfg = Debug|Any CPU
		{0A1CB50B-F2CD-4354-9443-C46F52A0834E}.Debug|Any CPU.Build.0 = Debug|Any CPU
		{0A1CB50B-F2CD-4354-9443-C46F52A0834E}.Release|Any CPU.ActiveCfg = Release|Any CPU
		{0A1CB50B-F2CD-4354-9443-C46F52A0834E}.Release|Any CPU.Build.0 = Release|Any CPU
	EndGlobalSection
	GlobalSection(SolutionProperties) = preSolution
		HideSolutionNode = FALSE
	EndGlobalSection
	GlobalSection(ExtensibilityGlobals) = postSolution
		SolutionGuid = {737874B2-5FA3-4C8C-9430-A60A4BA83D16}
	EndGlobalSection
EndGlobal
